
Microsoft Visual Studio Solution File, Format Version 12.00
# Visual Studio Version 17
VisualStudioVersion = 17.5.33530.505
MinimumVisualStudioVersion = 10.0.40219.1
Project("{9A19103F-16F7-4668-BE54-9A1E7A4F7556}") = "Shop.Core", "Shop.Core\Shop.Core.csproj", "{A020C8BB-2CBA-4F7A-910E-6A8A45E47C96}"
EndProject
Project("{9A19103F-16F7-4668-BE54-9A1E7A4F7556}") = "Shop.Application", "Shop.Application\Shop.Application.csproj", "{B4A33B01-BBDB-45A2-8D7E-9A327CFCC43C}"
EndProject
Project("{9A19103F-16F7-4668-BE54-9A1E7A4F7556}") = "Shop.Infrastructure", "Shop.Infrastructure\Shop.Infrastructure.csproj", "{EF2CFBDD-04E9-488E-969E-FC204C2BDAD0}"
EndProject
Project("{9A19103F-16F7-4668-BE54-9A1E7A4F7556}") = "Shop.API", "Shop.API\Shop.API.csproj", "{B5BDAC97-5BDA-482B-811A-26D960A87EE5}"
	ProjectSection(ProjectDependencies) = postProject
		{B4A33B01-BBDB-45A2-8D7E-9A327CFCC43C} = {B4A33B01-BBDB-45A2-8D7E-9A327CFCC43C}
	EndProjectSection
EndProject
Global
	GlobalSection(SolutionConfigurationPlatforms) = preSolution
		Debug|Any CPU = Debug|Any CPU
		Release|Any CPU = Release|Any CPU
	EndGlobalSection
	GlobalSection(ProjectConfigurationPlatforms) = postSolution
		{A020C8BB-2CBA-4F7A-910E-6A8A45E47C96}.Debug|Any CPU.ActiveCfg = Debug|Any CPU
		{A020C8BB-2CBA-4F7A-910E-6A8A45E47C96}.Debug|Any CPU.Build.0 = Debug|Any CPU
		{A020C8BB-2CBA-4F7A-910E-6A8A45E47C96}.Release|Any CPU.ActiveCfg = Release|Any CPU
		{A020C8BB-2CBA-4F7A-910E-6A8A45E47C96}.Release|Any CPU.Build.0 = Release|Any CPU
		{B4A33B01-BBDB-45A2-8D7E-9A327CFCC43C}.Debug|Any CPU.ActiveCfg = Debug|Any CPU
		{B4A33B01-BBDB-45A2-8D7E-9A327CFCC43C}.Debug|Any CPU.Build.0 = Debug|Any CPU
		{B4A33B01-BBDB-45A2-8D7E-9A327CFCC43C}.Release|Any CPU.ActiveCfg = Release|Any CPU
		{B4A33B01-BBDB-45A2-8D7E-9A327CFCC43C}.Release|Any CPU.Build.0 = Release|Any CPU
		{EF2CFBDD-04E9-488E-969E-FC204C2BDAD0}.Debug|Any CPU.ActiveCfg = Debug|Any CPU
		{EF2CFBDD-04E9-488E-969E-FC204C2BDAD0}.Debug|Any CPU.Build.0 = Debug|Any CPU
		{EF2CFBDD-04E9-488E-969E-FC204C2BDAD0}.Release|Any CPU.ActiveCfg = Release|Any CPU
		{EF2CFBDD-04E9-488E-969E-FC204C2BDAD0}.Release|Any CPU.Build.0 = Release|Any CPU
		{B5BDAC97-5BDA-482B-811A-26D960A87EE5}.Debug|Any CPU.ActiveCfg = Debug|Any CPU
		{B5BDAC97-5BDA-482B-811A-26D960A87EE5}.Debug|Any CPU.Build.0 = Debug|Any CPU
		{B5BDAC97-5BDA-482B-811A-26D960A87EE5}.Release|Any CPU.ActiveCfg = Release|Any CPU
		{B5BDAC97-5BDA-482B-811A-26D960A87EE5}.Release|Any CPU.Build.0 = Release|Any CPU
	EndGlobalSection
	GlobalSection(SolutionProperties) = preSolution
		HideSolutionNode = FALSE
	EndGlobalSection
	GlobalSection(ExtensibilityGlobals) = postSolution
		SolutionGuid = {5077A8EF-8F2E-4AD1-A736-81F8AADE6189}
	EndGlobalSection
EndGlobal
